
Microsoft Visual Studio Solution File, Format Version 12.00
# Visual Studio Version 17
VisualStudioVersion = 17.0.31903.59
MinimumVisualStudioVersion = 10.0.40219.1
Project("{2150E333-8FDC-42A3-9474-1A3956D46DE8}") = "Services", "Services", "{D50FC011-73EB-4D9A-A00C-D5E6ACD6CA3F}"
EndProject
Project("{2150E333-8FDC-42A3-9474-1A3956D46DE8}") = "AuthService", "AuthService", "{72E0123A-3992-478B-80BF-B1120A80C8D6}"
EndProject
Project("{9A19103F-16F7-4668-BE54-9A1E7A4F7556}") = "AuthService.Api", "AuthService.Api\AuthService.Api.csproj", "{B6A51FFB-0463-44B2-93F2-2F1458D234CB}"
EndProject
Project("{9A19103F-16F7-4668-BE54-9A1E7A4F7556}") = "AuthService.Domain", "AuthService.Domain\AuthService.Domain.csproj", "{EA25E475-235D-44AD-B16E-FC18B228092E}"
EndProject
Project("{9A19103F-16F7-4668-BE54-9A1E7A4F7556}") = "AuthService.Application", "AuthService.Application\AuthService.Application.csproj", "{A3E305C8-4240-4F88-B6C1-8E12EAD542B2}"
EndProject
Project("{9A19103F-16F7-4668-BE54-9A1E7A4F7556}") = "AuthService.Infrastructure", "AuthService.Infrastructure\AuthService.Infrastructure.csproj", "{DC601385-35C7-4DCC-A6F5-6BB3E9C6B4CA}"
EndProject
Project("{2150E333-8FDC-42A3-9474-1A3956D46DE8}") = "Saga", "Saga", "{ACA4C780-1141-443D-B021-5061C9236EFD}"
EndProject
Project("{9A19103F-16F7-4668-BE54-9A1E7A4F7556}") = "SagaCoordinator.Api", "SagaCoordinator.Api\SagaCoordinator.Api.csproj", "{D1C0DAF3-2C62-4977-8802-37A18E7B8225}"
EndProject
Project("{2150E333-8FDC-42A3-9474-1A3956D46DE8}") = "NotificationService", "NotificationService", "{41EC23C7-A3C1-426F-8A90-116AC035ADF3}"
EndProject
Project("{9A19103F-16F7-4668-BE54-9A1E7A4F7556}") = "NotificationService.Api", "NotificationService.Api\NotificationService.Api.csproj", "{B6B1DC1E-8DD3-49BC-A81D-9B0CCF903E18}"
EndProject
Project("{9A19103F-16F7-4668-BE54-9A1E7A4F7556}") = "NotificationService.Domain", "NotificationService.Domain\NotificationService.Domain.csproj", "{C6D156F3-36F9-4B62-8C06-183DF2915A8E}"
EndProject
Project("{9A19103F-16F7-4668-BE54-9A1E7A4F7556}") = "NotificationService.Application", "NotificationService.Application\NotificationService.Application.csproj", "{9FE15941-5696-4135-85E9-37D4907266B5}"
EndProject
Project("{9A19103F-16F7-4668-BE54-9A1E7A4F7556}") = "NotificationService.Infrastructure", "NotificationService.Infrastructure\NotificationService.Infrastructure.csproj", "{1CC06F71-2854-444F-BBDF-8B19C71BBA51}"
EndProject
Project("{2150E333-8FDC-42A3-9474-1A3956D46DE8}") = "ApiGateway", "ApiGateway", "{595D6E74-5AB1-4F49-803A-E918B0B6D20E}"
EndProject
Project("{9A19103F-16F7-4668-BE54-9A1E7A4F7556}") = "SagaCoordinator.Application", "Saga.Application\SagaCoordinator.Application.csproj", "{1CE9DEDF-D986-41B5-8B2B-2779867385E3}"
EndProject
Project("{9A19103F-16F7-4668-BE54-9A1E7A4F7556}") = "SagaCoordinator.Domain", "SagaCoordinator.Domain\SagaCoordinator.Domain.csproj", "{BD6163B0-731A-4492-8DEF-97CC4C947F85}"
EndProject
Project("{9A19103F-16F7-4668-BE54-9A1E7A4F7556}") = "SagaCoordinator.Infrastructure", "SagaCoordinator.Infrastructure\SagaCoordinator.Infrastructure.csproj", "{9D7D852B-6535-4CBB-AAB8-36EBF59B9082}"
EndProject
Project("{2150E333-8FDC-42A3-9474-1A3956D46DE8}") = "Constracts", "Constracts", "{404FAC70-CEDE-49BC-AA33-DCA77E8F5CE5}"
EndProject
Project("{9A19103F-16F7-4668-BE54-9A1E7A4F7556}") = "RegisterConstracts", "RegisterConstracts\RegisterConstracts.csproj", "{D602640C-DB5B-4832-81EB-F99C0E79C934}"
EndProject
Project("{9A19103F-16F7-4668-BE54-9A1E7A4F7556}") = "Gateway.Api", "Gateway.Api\Gateway.Api\Gateway.Api.csproj", "{56000ABD-9BA8-4F9B-9712-646DD76AE09A}"
EndProject
Project("{2150E333-8FDC-42A3-9474-1A3956D46DE8}") = "Product", "Product", "{B1BF3B3F-7D71-4560-8284-56EBD77CB4CF}"
EndProject
Project("{9A19103F-16F7-4668-BE54-9A1E7A4F7556}") = "ProductService.Api", "ProductService.Api\ProductService.Api.csproj", "{1904AB21-5185-410B-85A3-932F0CD37DA1}"
EndProject
Project("{9A19103F-16F7-4668-BE54-9A1E7A4F7556}") = "ProductService.Application", "ProductService.Application\ProductService.Application.csproj", "{8926C51B-3AE4-4D16-8834-08899F17326D}"
EndProject
Project("{9A19103F-16F7-4668-BE54-9A1E7A4F7556}") = "ProductService.Domain", "ProductService.Domain\ProductService.Domain.csproj", "{C7CA0CD6-98C9-4292-9ACD-615B8CBFC34D}"
EndProject
Project("{9A19103F-16F7-4668-BE54-9A1E7A4F7556}") = "ProductService.Infrastructure", "ProductService.Infrastructure\ProductService.Infrastructure.csproj", "{D67D4983-0C03-43C5-905E-D5F594FBB49E}"
EndProject
Project("{2150E333-8FDC-42A3-9474-1A3956D46DE8}") = "PaymentService", "PaymentService", "{3C51612A-5C90-409F-B9B2-EB7004870358}"
EndProject
Project("{2150E333-8FDC-42A3-9474-1A3956D46DE8}") = "OrderService", "OrderService", "{97835187-A57E-4B53-A266-D6FE50B50A87}"
EndProject
Project("{2150E333-8FDC-42A3-9474-1A3956D46DE8}") = "CartService", "CartService", "{DF5EFCF2-204A-4513-AA48-9FE4411161F9}"
EndProject
Project("{FAE04EC0-301F-11D3-BF4B-00C04F79EFBC}") = "OrderSerice.Api", "OrderSerice.Api\OrderSerice.Api.csproj", "{E548584D-9910-43B2-BEC9-D077B0CB532C}"
EndProject
Project("{FAE04EC0-301F-11D3-BF4B-00C04F79EFBC}") = "OrderSeevice.Application", "OrderSeevice.Application\OrderSeevice.Application.csproj", "{6C238FE0-6123-4D68-80B1-2FBF0EEDBD95}"
EndProject
Project("{FAE04EC0-301F-11D3-BF4B-00C04F79EFBC}") = "OrderService.Domain", "OrderService.Domain\OrderService.Domain.csproj", "{95C86E86-A4CE-4D3F-BE74-844E595AD548}"
EndProject
Project("{FAE04EC0-301F-11D3-BF4B-00C04F79EFBC}") = "OrderService.Infrastructure", "OrderService.Infrastructure\OrderService.Infrastructure.csproj", "{EFEF9B0D-C3E1-47F6-9EB9-7C721FCC0651}"
EndProject
Project("{FAE04EC0-301F-11D3-BF4B-00C04F79EFBC}") = "CartSercvice.Api", "CartSercvice.Api\CartSercvice.Api.csproj", "{E2C5A4CD-BE2C-4655-9CB7-3F0C399D8CD9}"
EndProject
Project("{FAE04EC0-301F-11D3-BF4B-00C04F79EFBC}") = "CartService.Domain", "CartService.Domian\CartService.Domain.csproj", "{0A37CCA7-AB7D-45F3-9D20-D6C07F46D86F}"
EndProject
Project("{FAE04EC0-301F-11D3-BF4B-00C04F79EFBC}") = "CartService.Infrastructure", "CartService.Infrastructure\CartService.Infrastructure.csproj", "{C94C5700-9BD0-41F5-B318-DB3AD7B7B359}"
EndProject
Project("{FAE04EC0-301F-11D3-BF4B-00C04F79EFBC}") = "CartService.Application", "CartService.Application\CartService.Application.csproj", "{18D16DC3-FCE3-4F2B-993F-92C99DA3A5DC}"
EndProject
Project("{FAE04EC0-301F-11D3-BF4B-00C04F79EFBC}") = "PaymentService.Api", "PaymentService.Api\PaymentService.Api.csproj", "{FE45F7C2-8CC3-4B27-9ACE-D2C290B741B2}"
EndProject
Project("{FAE04EC0-301F-11D3-BF4B-00C04F79EFBC}") = "PaymentService.Domain", "PaymentService.Domain\PaymentService.Domain.csproj", "{292872F9-0EE7-41D2-BD16-B3D31B876634}"
EndProject
Project("{FAE04EC0-301F-11D3-BF4B-00C04F79EFBC}") = "PaymentService.Application", "PaymentService.Application\PaymentService.Application.csproj", "{60D8E73A-F8B6-44D8-A0D4-AB29AC147439}"
EndProject
Project("{FAE04EC0-301F-11D3-BF4B-00C04F79EFBC}") = "PaymentService.Infrastructure", "PaymentService.Infrastructure\PaymentService.Infrastructure.csproj", "{F13E2147-42F4-404C-9F7A-A32B463CD263}"
EndProject
Global
	GlobalSection(SolutionConfigurationPlatforms) = preSolution
		Debug|Any CPU = Debug|Any CPU
		Release|Any CPU = Release|Any CPU
	EndGlobalSection
	GlobalSection(ProjectConfigurationPlatforms) = postSolution
		{B6A51FFB-0463-44B2-93F2-2F1458D234CB}.Debug|Any CPU.ActiveCfg = Debug|Any CPU
		{B6A51FFB-0463-44B2-93F2-2F1458D234CB}.Debug|Any CPU.Build.0 = Debug|Any CPU
		{B6A51FFB-0463-44B2-93F2-2F1458D234CB}.Release|Any CPU.ActiveCfg = Release|Any CPU
		{B6A51FFB-0463-44B2-93F2-2F1458D234CB}.Release|Any CPU.Build.0 = Release|Any CPU
		{EA25E475-235D-44AD-B16E-FC18B228092E}.Debug|Any CPU.ActiveCfg = Debug|Any CPU
		{EA25E475-235D-44AD-B16E-FC18B228092E}.Debug|Any CPU.Build.0 = Debug|Any CPU
		{EA25E475-235D-44AD-B16E-FC18B228092E}.Release|Any CPU.ActiveCfg = Release|Any CPU
		{EA25E475-235D-44AD-B16E-FC18B228092E}.Release|Any CPU.Build.0 = Release|Any CPU
		{A3E305C8-4240-4F88-B6C1-8E12EAD542B2}.Debug|Any CPU.ActiveCfg = Debug|Any CPU
		{A3E305C8-4240-4F88-B6C1-8E12EAD542B2}.Debug|Any CPU.Build.0 = Debug|Any CPU
		{A3E305C8-4240-4F88-B6C1-8E12EAD542B2}.Release|Any CPU.ActiveCfg = Release|Any CPU
		{A3E305C8-4240-4F88-B6C1-8E12EAD542B2}.Release|Any CPU.Build.0 = Release|Any CPU
		{DC601385-35C7-4DCC-A6F5-6BB3E9C6B4CA}.Debug|Any CPU.ActiveCfg = Debug|Any CPU
		{DC601385-35C7-4DCC-A6F5-6BB3E9C6B4CA}.Debug|Any CPU.Build.0 = Debug|Any CPU
		{DC601385-35C7-4DCC-A6F5-6BB3E9C6B4CA}.Release|Any CPU.ActiveCfg = Release|Any CPU
		{DC601385-35C7-4DCC-A6F5-6BB3E9C6B4CA}.Release|Any CPU.Build.0 = Release|Any CPU
		{D1C0DAF3-2C62-4977-8802-37A18E7B8225}.Debug|Any CPU.ActiveCfg = Debug|Any CPU
		{D1C0DAF3-2C62-4977-8802-37A18E7B8225}.Debug|Any CPU.Build.0 = Debug|Any CPU
		{D1C0DAF3-2C62-4977-8802-37A18E7B8225}.Release|Any CPU.ActiveCfg = Release|Any CPU
		{D1C0DAF3-2C62-4977-8802-37A18E7B8225}.Release|Any CPU.Build.0 = Release|Any CPU
		{B6B1DC1E-8DD3-49BC-A81D-9B0CCF903E18}.Debug|Any CPU.ActiveCfg = Debug|Any CPU
		{B6B1DC1E-8DD3-49BC-A81D-9B0CCF903E18}.Debug|Any CPU.Build.0 = Debug|Any CPU
		{B6B1DC1E-8DD3-49BC-A81D-9B0CCF903E18}.Release|Any CPU.ActiveCfg = Release|Any CPU
		{B6B1DC1E-8DD3-49BC-A81D-9B0CCF903E18}.Release|Any CPU.Build.0 = Release|Any CPU
		{C6D156F3-36F9-4B62-8C06-183DF2915A8E}.Debug|Any CPU.ActiveCfg = Debug|Any CPU
		{C6D156F3-36F9-4B62-8C06-183DF2915A8E}.Debug|Any CPU.Build.0 = Debug|Any CPU
		{C6D156F3-36F9-4B62-8C06-183DF2915A8E}.Release|Any CPU.ActiveCfg = Release|Any CPU
		{C6D156F3-36F9-4B62-8C06-183DF2915A8E}.Release|Any CPU.Build.0 = Release|Any CPU
		{9FE15941-5696-4135-85E9-37D4907266B5}.Debug|Any CPU.ActiveCfg = Debug|Any CPU
		{9FE15941-5696-4135-85E9-37D4907266B5}.Debug|Any CPU.Build.0 = Debug|Any CPU
		{9FE15941-5696-4135-85E9-37D4907266B5}.Release|Any CPU.ActiveCfg = Release|Any CPU
		{9FE15941-5696-4135-85E9-37D4907266B5}.Release|Any CPU.Build.0 = Release|Any CPU
		{1CC06F71-2854-444F-BBDF-8B19C71BBA51}.Debug|Any CPU.ActiveCfg = Debug|Any CPU
		{1CC06F71-2854-444F-BBDF-8B19C71BBA51}.Debug|Any CPU.Build.0 = Debug|Any CPU
		{1CC06F71-2854-444F-BBDF-8B19C71BBA51}.Release|Any CPU.ActiveCfg = Release|Any CPU
		{1CC06F71-2854-444F-BBDF-8B19C71BBA51}.Release|Any CPU.Build.0 = Release|Any CPU
		{1CE9DEDF-D986-41B5-8B2B-2779867385E3}.Debug|Any CPU.ActiveCfg = Debug|Any CPU
		{1CE9DEDF-D986-41B5-8B2B-2779867385E3}.Debug|Any CPU.Build.0 = Debug|Any CPU
		{1CE9DEDF-D986-41B5-8B2B-2779867385E3}.Release|Any CPU.ActiveCfg = Release|Any CPU
		{1CE9DEDF-D986-41B5-8B2B-2779867385E3}.Release|Any CPU.Build.0 = Release|Any CPU
		{BD6163B0-731A-4492-8DEF-97CC4C947F85}.Debug|Any CPU.ActiveCfg = Debug|Any CPU
		{BD6163B0-731A-4492-8DEF-97CC4C947F85}.Debug|Any CPU.Build.0 = Debug|Any CPU
		{BD6163B0-731A-4492-8DEF-97CC4C947F85}.Release|Any CPU.ActiveCfg = Release|Any CPU
		{BD6163B0-731A-4492-8DEF-97CC4C947F85}.Release|Any CPU.Build.0 = Release|Any CPU
		{9D7D852B-6535-4CBB-AAB8-36EBF59B9082}.Debug|Any CPU.ActiveCfg = Debug|Any CPU
		{9D7D852B-6535-4CBB-AAB8-36EBF59B9082}.Debug|Any CPU.Build.0 = Debug|Any CPU
		{9D7D852B-6535-4CBB-AAB8-36EBF59B9082}.Release|Any CPU.ActiveCfg = Release|Any CPU
		{9D7D852B-6535-4CBB-AAB8-36EBF59B9082}.Release|Any CPU.Build.0 = Release|Any CPU
		{D602640C-DB5B-4832-81EB-F99C0E79C934}.Debug|Any CPU.ActiveCfg = Debug|Any CPU
		{D602640C-DB5B-4832-81EB-F99C0E79C934}.Debug|Any CPU.Build.0 = Debug|Any CPU
		{D602640C-DB5B-4832-81EB-F99C0E79C934}.Release|Any CPU.ActiveCfg = Release|Any CPU
		{D602640C-DB5B-4832-81EB-F99C0E79C934}.Release|Any CPU.Build.0 = Release|Any CPU
		{56000ABD-9BA8-4F9B-9712-646DD76AE09A}.Debug|Any CPU.ActiveCfg = Debug|Any CPU
		{56000ABD-9BA8-4F9B-9712-646DD76AE09A}.Debug|Any CPU.Build.0 = Debug|Any CPU
		{56000ABD-9BA8-4F9B-9712-646DD76AE09A}.Release|Any CPU.ActiveCfg = Release|Any CPU
		{56000ABD-9BA8-4F9B-9712-646DD76AE09A}.Release|Any CPU.Build.0 = Release|Any CPU
		{1904AB21-5185-410B-85A3-932F0CD37DA1}.Debug|Any CPU.ActiveCfg = Debug|Any CPU
		{1904AB21-5185-410B-85A3-932F0CD37DA1}.Debug|Any CPU.Build.0 = Debug|Any CPU
		{1904AB21-5185-410B-85A3-932F0CD37DA1}.Release|Any CPU.ActiveCfg = Release|Any CPU
		{1904AB21-5185-410B-85A3-932F0CD37DA1}.Release|Any CPU.Build.0 = Release|Any CPU
		{8926C51B-3AE4-4D16-8834-08899F17326D}.Debug|Any CPU.ActiveCfg = Debug|Any CPU
		{8926C51B-3AE4-4D16-8834-08899F17326D}.Debug|Any CPU.Build.0 = Debug|Any CPU
		{8926C51B-3AE4-4D16-8834-08899F17326D}.Release|Any CPU.ActiveCfg = Release|Any CPU
		{8926C51B-3AE4-4D16-8834-08899F17326D}.Release|Any CPU.Build.0 = Release|Any CPU
		{C7CA0CD6-98C9-4292-9ACD-615B8CBFC34D}.Debug|Any CPU.ActiveCfg = Debug|Any CPU
		{C7CA0CD6-98C9-4292-9ACD-615B8CBFC34D}.Debug|Any CPU.Build.0 = Debug|Any CPU
		{C7CA0CD6-98C9-4292-9ACD-615B8CBFC34D}.Release|Any CPU.ActiveCfg = Release|Any CPU
		{C7CA0CD6-98C9-4292-9ACD-615B8CBFC34D}.Release|Any CPU.Build.0 = Release|Any CPU
		{D67D4983-0C03-43C5-905E-D5F594FBB49E}.Debug|Any CPU.ActiveCfg = Debug|Any CPU
		{D67D4983-0C03-43C5-905E-D5F594FBB49E}.Debug|Any CPU.Build.0 = Debug|Any CPU
		{D67D4983-0C03-43C5-905E-D5F594FBB49E}.Release|Any CPU.ActiveCfg = Release|Any CPU
		{D67D4983-0C03-43C5-905E-D5F594FBB49E}.Release|Any CPU.Build.0 = Release|Any CPU
		{E548584D-9910-43B2-BEC9-D077B0CB532C}.Debug|Any CPU.ActiveCfg = Debug|Any CPU
		{E548584D-9910-43B2-BEC9-D077B0CB532C}.Debug|Any CPU.Build.0 = Debug|Any CPU
		{E548584D-9910-43B2-BEC9-D077B0CB532C}.Release|Any CPU.ActiveCfg = Release|Any CPU
		{E548584D-9910-43B2-BEC9-D077B0CB532C}.Release|Any CPU.Build.0 = Release|Any CPU
		{6C238FE0-6123-4D68-80B1-2FBF0EEDBD95}.Debug|Any CPU.ActiveCfg = Debug|Any CPU
		{6C238FE0-6123-4D68-80B1-2FBF0EEDBD95}.Debug|Any CPU.Build.0 = Debug|Any CPU
		{6C238FE0-6123-4D68-80B1-2FBF0EEDBD95}.Release|Any CPU.ActiveCfg = Release|Any CPU
		{6C238FE0-6123-4D68-80B1-2FBF0EEDBD95}.Release|Any CPU.Build.0 = Release|Any CPU
		{95C86E86-A4CE-4D3F-BE74-844E595AD548}.Debug|Any CPU.ActiveCfg = Debug|Any CPU
		{95C86E86-A4CE-4D3F-BE74-844E595AD548}.Debug|Any CPU.Build.0 = Debug|Any CPU
		{95C86E86-A4CE-4D3F-BE74-844E595AD548}.Release|Any CPU.ActiveCfg = Release|Any CPU
		{95C86E86-A4CE-4D3F-BE74-844E595AD548}.Release|Any CPU.Build.0 = Release|Any CPU
		{EFEF9B0D-C3E1-47F6-9EB9-7C721FCC0651}.Debug|Any CPU.ActiveCfg = Debug|Any CPU
		{EFEF9B0D-C3E1-47F6-9EB9-7C721FCC0651}.Debug|Any CPU.Build.0 = Debug|Any CPU
		{EFEF9B0D-C3E1-47F6-9EB9-7C721FCC0651}.Release|Any CPU.ActiveCfg = Release|Any CPU
		{EFEF9B0D-C3E1-47F6-9EB9-7C721FCC0651}.Release|Any CPU.Build.0 = Release|Any CPU
		{E2C5A4CD-BE2C-4655-9CB7-3F0C399D8CD9}.Debug|Any CPU.ActiveCfg = Debug|Any CPU
		{E2C5A4CD-BE2C-4655-9CB7-3F0C399D8CD9}.Debug|Any CPU.Build.0 = Debug|Any CPU
		{E2C5A4CD-BE2C-4655-9CB7-3F0C399D8CD9}.Release|Any CPU.ActiveCfg = Release|Any CPU
		{E2C5A4CD-BE2C-4655-9CB7-3F0C399D8CD9}.Release|Any CPU.Build.0 = Release|Any CPU
		{0A37CCA7-AB7D-45F3-9D20-D6C07F46D86F}.Debug|Any CPU.ActiveCfg = Debug|Any CPU
		{0A37CCA7-AB7D-45F3-9D20-D6C07F46D86F}.Debug|Any CPU.Build.0 = Debug|Any CPU
		{0A37CCA7-AB7D-45F3-9D20-D6C07F46D86F}.Release|Any CPU.ActiveCfg = Release|Any CPU
		{0A37CCA7-AB7D-45F3-9D20-D6C07F46D86F}.Release|Any CPU.Build.0 = Release|Any CPU
		{C94C5700-9BD0-41F5-B318-DB3AD7B7B359}.Debug|Any CPU.ActiveCfg = Debug|Any CPU
		{C94C5700-9BD0-41F5-B318-DB3AD7B7B359}.Debug|Any CPU.Build.0 = Debug|Any CPU
		{C94C5700-9BD0-41F5-B318-DB3AD7B7B359}.Release|Any CPU.ActiveCfg = Release|Any CPU
		{C94C5700-9BD0-41F5-B318-DB3AD7B7B359}.Release|Any CPU.Build.0 = Release|Any CPU
		{18D16DC3-FCE3-4F2B-993F-92C99DA3A5DC}.Debug|Any CPU.ActiveCfg = Debug|Any CPU
		{18D16DC3-FCE3-4F2B-993F-92C99DA3A5DC}.Debug|Any CPU.Build.0 = Debug|Any CPU
		{18D16DC3-FCE3-4F2B-993F-92C99DA3A5DC}.Release|Any CPU.ActiveCfg = Release|Any CPU
		{18D16DC3-FCE3-4F2B-993F-92C99DA3A5DC}.Release|Any CPU.Build.0 = Release|Any CPU
		{FE45F7C2-8CC3-4B27-9ACE-D2C290B741B2}.Debug|Any CPU.ActiveCfg = Debug|Any CPU
		{FE45F7C2-8CC3-4B27-9ACE-D2C290B741B2}.Debug|Any CPU.Build.0 = Debug|Any CPU
		{FE45F7C2-8CC3-4B27-9ACE-D2C290B741B2}.Release|Any CPU.ActiveCfg = Release|Any CPU
		{FE45F7C2-8CC3-4B27-9ACE-D2C290B741B2}.Release|Any CPU.Build.0 = Release|Any CPU
		{292872F9-0EE7-41D2-BD16-B3D31B876634}.Debug|Any CPU.ActiveCfg = Debug|Any CPU
		{292872F9-0EE7-41D2-BD16-B3D31B876634}.Debug|Any CPU.Build.0 = Debug|Any CPU
		{292872F9-0EE7-41D2-BD16-B3D31B876634}.Release|Any CPU.ActiveCfg = Release|Any CPU
		{292872F9-0EE7-41D2-BD16-B3D31B876634}.Release|Any CPU.Build.0 = Release|Any CPU
		{60D8E73A-F8B6-44D8-A0D4-AB29AC147439}.Debug|Any CPU.ActiveCfg = Debug|Any CPU
		{60D8E73A-F8B6-44D8-A0D4-AB29AC147439}.Debug|Any CPU.Build.0 = Debug|Any CPU
		{60D8E73A-F8B6-44D8-A0D4-AB29AC147439}.Release|Any CPU.ActiveCfg = Release|Any CPU
		{60D8E73A-F8B6-44D8-A0D4-AB29AC147439}.Release|Any CPU.Build.0 = Release|Any CPU
		{F13E2147-42F4-404C-9F7A-A32B463CD263}.Debug|Any CPU.ActiveCfg = Debug|Any CPU
		{F13E2147-42F4-404C-9F7A-A32B463CD263}.Debug|Any CPU.Build.0 = Debug|Any CPU
		{F13E2147-42F4-404C-9F7A-A32B463CD263}.Release|Any CPU.ActiveCfg = Release|Any CPU
		{F13E2147-42F4-404C-9F7A-A32B463CD263}.Release|Any CPU.Build.0 = Release|Any CPU
	EndGlobalSection
	GlobalSection(SolutionProperties) = preSolution
		HideSolutionNode = FALSE
	EndGlobalSection
	GlobalSection(NestedProjects) = preSolution
		{72E0123A-3992-478B-80BF-B1120A80C8D6} = {D50FC011-73EB-4D9A-A00C-D5E6ACD6CA3F}
		{B6A51FFB-0463-44B2-93F2-2F1458D234CB} = {72E0123A-3992-478B-80BF-B1120A80C8D6}
		{EA25E475-235D-44AD-B16E-FC18B228092E} = {72E0123A-3992-478B-80BF-B1120A80C8D6}
		{A3E305C8-4240-4F88-B6C1-8E12EAD542B2} = {72E0123A-3992-478B-80BF-B1120A80C8D6}
		{DC601385-35C7-4DCC-A6F5-6BB3E9C6B4CA} = {72E0123A-3992-478B-80BF-B1120A80C8D6}
		{ACA4C780-1141-443D-B021-5061C9236EFD} = {D50FC011-73EB-4D9A-A00C-D5E6ACD6CA3F}
		{D1C0DAF3-2C62-4977-8802-37A18E7B8225} = {ACA4C780-1141-443D-B021-5061C9236EFD}
		{41EC23C7-A3C1-426F-8A90-116AC035ADF3} = {D50FC011-73EB-4D9A-A00C-D5E6ACD6CA3F}
		{B6B1DC1E-8DD3-49BC-A81D-9B0CCF903E18} = {41EC23C7-A3C1-426F-8A90-116AC035ADF3}
		{C6D156F3-36F9-4B62-8C06-183DF2915A8E} = {41EC23C7-A3C1-426F-8A90-116AC035ADF3}
		{9FE15941-5696-4135-85E9-37D4907266B5} = {41EC23C7-A3C1-426F-8A90-116AC035ADF3}
		{1CC06F71-2854-444F-BBDF-8B19C71BBA51} = {41EC23C7-A3C1-426F-8A90-116AC035ADF3}
		{595D6E74-5AB1-4F49-803A-E918B0B6D20E} = {D50FC011-73EB-4D9A-A00C-D5E6ACD6CA3F}
		{1CE9DEDF-D986-41B5-8B2B-2779867385E3} = {ACA4C780-1141-443D-B021-5061C9236EFD}
		{BD6163B0-731A-4492-8DEF-97CC4C947F85} = {ACA4C780-1141-443D-B021-5061C9236EFD}
		{9D7D852B-6535-4CBB-AAB8-36EBF59B9082} = {ACA4C780-1141-443D-B021-5061C9236EFD}
		{404FAC70-CEDE-49BC-AA33-DCA77E8F5CE5} = {D50FC011-73EB-4D9A-A00C-D5E6ACD6CA3F}
		{D602640C-DB5B-4832-81EB-F99C0E79C934} = {404FAC70-CEDE-49BC-AA33-DCA77E8F5CE5}
		{56000ABD-9BA8-4F9B-9712-646DD76AE09A} = {595D6E74-5AB1-4F49-803A-E918B0B6D20E}
		{B1BF3B3F-7D71-4560-8284-56EBD77CB4CF} = {D50FC011-73EB-4D9A-A00C-D5E6ACD6CA3F}
		{1904AB21-5185-410B-85A3-932F0CD37DA1} = {B1BF3B3F-7D71-4560-8284-56EBD77CB4CF}
		{8926C51B-3AE4-4D16-8834-08899F17326D} = {B1BF3B3F-7D71-4560-8284-56EBD77CB4CF}
		{C7CA0CD6-98C9-4292-9ACD-615B8CBFC34D} = {B1BF3B3F-7D71-4560-8284-56EBD77CB4CF}
		{D67D4983-0C03-43C5-905E-D5F594FBB49E} = {B1BF3B3F-7D71-4560-8284-56EBD77CB4CF}
		{3C51612A-5C90-409F-B9B2-EB7004870358} = {D50FC011-73EB-4D9A-A00C-D5E6ACD6CA3F}
		{97835187-A57E-4B53-A266-D6FE50B50A87} = {D50FC011-73EB-4D9A-A00C-D5E6ACD6CA3F}
		{DF5EFCF2-204A-4513-AA48-9FE4411161F9} = {D50FC011-73EB-4D9A-A00C-D5E6ACD6CA3F}
		{E548584D-9910-43B2-BEC9-D077B0CB532C} = {97835187-A57E-4B53-A266-D6FE50B50A87}
		{6C238FE0-6123-4D68-80B1-2FBF0EEDBD95} = {97835187-A57E-4B53-A266-D6FE50B50A87}
		{95C86E86-A4CE-4D3F-BE74-844E595AD548} = {97835187-A57E-4B53-A266-D6FE50B50A87}
		{EFEF9B0D-C3E1-47F6-9EB9-7C721FCC0651} = {97835187-A57E-4B53-A266-D6FE50B50A87}
		{E2C5A4CD-BE2C-4655-9CB7-3F0C399D8CD9} = {DF5EFCF2-204A-4513-AA48-9FE4411161F9}
		{0A37CCA7-AB7D-45F3-9D20-D6C07F46D86F} = {DF5EFCF2-204A-4513-AA48-9FE4411161F9}
		{C94C5700-9BD0-41F5-B318-DB3AD7B7B359} = {DF5EFCF2-204A-4513-AA48-9FE4411161F9}
		{18D16DC3-FCE3-4F2B-993F-92C99DA3A5DC} = {DF5EFCF2-204A-4513-AA48-9FE4411161F9}
		{FE45F7C2-8CC3-4B27-9ACE-D2C290B741B2} = {3C51612A-5C90-409F-B9B2-EB7004870358}
		{292872F9-0EE7-41D2-BD16-B3D31B876634} = {3C51612A-5C90-409F-B9B2-EB7004870358}
		{60D8E73A-F8B6-44D8-A0D4-AB29AC147439} = {3C51612A-5C90-409F-B9B2-EB7004870358}
		{F13E2147-42F4-404C-9F7A-A32B463CD263} = {3C51612A-5C90-409F-B9B2-EB7004870358}
	EndGlobalSection
	GlobalSection(ExtensibilityGlobals) = postSolution
		SolutionGuid = {7C6725A3-9C4A-41E4-9825-86CC0DD0E22A}
	EndGlobalSection
EndGlobal
